// !$*UTF8*$!
{
	archiveVersion = 1;
	classes = {
	};
	objectVersion = 55;
	objects = {

/* Begin PBXBuildFile section */
		69EF94F628A0E134007561B7 /* AppDelegate.swift in Sources */ = {isa = PBXBuildFile; fileRef = 69EF94F528A0E134007561B7 /* AppDelegate.swift */; };
		69EF94F828A0E134007561B7 /* SceneDelegate.swift in Sources */ = {isa = PBXBuildFile; fileRef = 69EF94F728A0E134007561B7 /* SceneDelegate.swift */; };
		69EF950028A0E134007561B7 /* CoreDataTodos.xcdatamodeld in Sources */ = {isa = PBXBuildFile; fileRef = 69EF94FE28A0E134007561B7 /* CoreDataTodos.xcdatamodeld */; };
		69EF950228A0E135007561B7 /* Assets.xcassets in Resources */ = {isa = PBXBuildFile; fileRef = 69EF950128A0E135007561B7 /* Assets.xcassets */; };
		69EF950528A0E135007561B7 /* LaunchScreen.storyboard in Resources */ = {isa = PBXBuildFile; fileRef = 69EF950328A0E135007561B7 /* LaunchScreen.storyboard */; };
		69EF951B28A0E4A2007561B7 /* HomeViewModel.swift in Sources */ = {isa = PBXBuildFile; fileRef = 69EF951A28A0E4A2007561B7 /* HomeViewModel.swift */; };
		69EF951D28A0E4B6007561B7 /* HomeViewController.swift in Sources */ = {isa = PBXBuildFile; fileRef = 69EF951C28A0E4B6007561B7 /* HomeViewController.swift */; };
		69EF952628A37878007561B7 /* User+CoreDataClass.swift in Sources */ = {isa = PBXBuildFile; fileRef = 69EF952428A37878007561B7 /* User+CoreDataClass.swift */; };
		69EF952728A37878007561B7 /* User+CoreDataProperties.swift in Sources */ = {isa = PBXBuildFile; fileRef = 69EF952528A37878007561B7 /* User+CoreDataProperties.swift */; };
		69EF952B28A378D6007561B7 /* LoginViewController.swift in Sources */ = {isa = PBXBuildFile; fileRef = 69EF952A28A378D6007561B7 /* LoginViewController.swift */; };
		69EF953028A3AF89007561B7 /* Todo+CoreDataClass.swift in Sources */ = {isa = PBXBuildFile; fileRef = 69EF952C28A3AF89007561B7 /* Todo+CoreDataClass.swift */; };
		69EF953128A3AF89007561B7 /* Todo+CoreDataProperties.swift in Sources */ = {isa = PBXBuildFile; fileRef = 69EF952D28A3AF89007561B7 /* Todo+CoreDataProperties.swift */; };
		69EF953628A3AFD5007561B7 /* Folder+CoreDataClass.swift in Sources */ = {isa = PBXBuildFile; fileRef = 69EF953428A3AFD5007561B7 /* Folder+CoreDataClass.swift */; };
		69EF953728A3AFD5007561B7 /* Folder+CoreDataProperties.swift in Sources */ = {isa = PBXBuildFile; fileRef = 69EF953528A3AFD5007561B7 /* Folder+CoreDataProperties.swift */; };
/* End PBXBuildFile section */

/* Begin PBXFileReference section */
		69EF94F228A0E134007561B7 /* CoreDataTodos.app */ = {isa = PBXFileReference; explicitFileType = wrapper.application; includeInIndex = 0; path = CoreDataTodos.app; sourceTree = BUILT_PRODUCTS_DIR; };
		69EF94F528A0E134007561B7 /* AppDelegate.swift */ = {isa = PBXFileReference; lastKnownFileType = sourcecode.swift; path = AppDelegate.swift; sourceTree = "<group>"; };
		69EF94F728A0E134007561B7 /* SceneDelegate.swift */ = {isa = PBXFileReference; lastKnownFileType = sourcecode.swift; path = SceneDelegate.swift; sourceTree = "<group>"; };
		69EF94FF28A0E134007561B7 /* CoreDataTodos.xcdatamodel */ = {isa = PBXFileReference; lastKnownFileType = wrapper.xcdatamodel; path = CoreDataTodos.xcdatamodel; sourceTree = "<group>"; };
		69EF950128A0E135007561B7 /* Assets.xcassets */ = {isa = PBXFileReference; lastKnownFileType = folder.assetcatalog; path = Assets.xcassets; sourceTree = "<group>"; };
		69EF950428A0E135007561B7 /* Base */ = {isa = PBXFileReference; lastKnownFileType = file.storyboard; name = Base; path = Base.lproj/LaunchScreen.storyboard; sourceTree = "<group>"; };
		69EF950628A0E135007561B7 /* Info.plist */ = {isa = PBXFileReference; lastKnownFileType = text.plist.xml; path = Info.plist; sourceTree = "<group>"; };
		69EF951A28A0E4A2007561B7 /* HomeViewModel.swift */ = {isa = PBXFileReference; lastKnownFileType = sourcecode.swift; path = HomeViewModel.swift; sourceTree = "<group>"; };
		69EF951C28A0E4B6007561B7 /* HomeViewController.swift */ = {isa = PBXFileReference; lastKnownFileType = sourcecode.swift; path = HomeViewController.swift; sourceTree = "<group>"; };
		69EF952428A37878007561B7 /* User+CoreDataClass.swift */ = {isa = PBXFileReference; lastKnownFileType = sourcecode.swift; path = "User+CoreDataClass.swift"; sourceTree = "<group>"; };
		69EF952528A37878007561B7 /* User+CoreDataProperties.swift */ = {isa = PBXFileReference; lastKnownFileType = sourcecode.swift; path = "User+CoreDataProperties.swift"; sourceTree = "<group>"; };
		69EF952A28A378D6007561B7 /* LoginViewController.swift */ = {isa = PBXFileReference; lastKnownFileType = sourcecode.swift; path = LoginViewController.swift; sourceTree = "<group>"; };
		69EF952C28A3AF89007561B7 /* Todo+CoreDataClass.swift */ = {isa = PBXFileReference; lastKnownFileType = sourcecode.swift; path = "Todo+CoreDataClass.swift"; sourceTree = "<group>"; };
		69EF952D28A3AF89007561B7 /* Todo+CoreDataProperties.swift */ = {isa = PBXFileReference; lastKnownFileType = sourcecode.swift; path = "Todo+CoreDataProperties.swift"; sourceTree = "<group>"; };
		69EF953428A3AFD5007561B7 /* Folder+CoreDataClass.swift */ = {isa = PBXFileReference; lastKnownFileType = sourcecode.swift; path = "Folder+CoreDataClass.swift"; sourceTree = "<group>"; };
		69EF953528A3AFD5007561B7 /* Folder+CoreDataProperties.swift */ = {isa = PBXFileReference; lastKnownFileType = sourcecode.swift; path = "Folder+CoreDataProperties.swift"; sourceTree = "<group>"; };
/* End PBXFileReference section */

/* Begin PBXFrameworksBuildPhase section */
		69EF94EF28A0E134007561B7 /* Frameworks */ = {
			isa = PBXFrameworksBuildPhase;
			buildActionMask = 2147483647;
			files = (
			);
			runOnlyForDeploymentPostprocessing = 0;
		};
/* End PBXFrameworksBuildPhase section */

/* Begin PBXGroup section */
		69EF94E928A0E134007561B7 = {
			isa = PBXGroup;
			children = (
				69EF94F428A0E134007561B7 /* CoreDataTodos */,
				69EF94F328A0E134007561B7 /* Products */,
			);
			sourceTree = "<group>";
		};
		69EF94F328A0E134007561B7 /* Products */ = {
			isa = PBXGroup;
			children = (
				69EF94F228A0E134007561B7 /* CoreDataTodos.app */,
			);
			name = Products;
			sourceTree = "<group>";
		};
		69EF94F428A0E134007561B7 /* CoreDataTodos */ = {
			isa = PBXGroup;
			children = (
				69EF951E28A0E6C8007561B7 /* Base */,
				69EF951628A0E409007561B7 /* Screens */,
				69EF950C28A0E1D1007561B7 /* Model */,
				69EF950128A0E135007561B7 /* Assets.xcassets */,
				69EF950328A0E135007561B7 /* LaunchScreen.storyboard */,
				69EF950628A0E135007561B7 /* Info.plist */,
				69EF94FE28A0E134007561B7 /* CoreDataTodos.xcdatamodeld */,
			);
			path = CoreDataTodos;
			sourceTree = "<group>";
		};
		69EF950C28A0E1D1007561B7 /* Model */ = {
			isa = PBXGroup;
			children = (
				69EF953828A3AFED007561B7 /* Folder */,
				69EF952328A37833007561B7 /* User */,
				69EF950D28A0E1D9007561B7 /* Todo */,
			);
			path = Model;
			sourceTree = "<group>";
		};
		69EF950D28A0E1D9007561B7 /* Todo */ = {
			isa = PBXGroup;
			children = (
				69EF952C28A3AF89007561B7 /* Todo+CoreDataClass.swift */,
				69EF952D28A3AF89007561B7 /* Todo+CoreDataProperties.swift */,
			);
			path = Todo;
			sourceTree = "<group>";
		};
		69EF951628A0E409007561B7 /* Screens */ = {
			isa = PBXGroup;
			children = (
				69EF952828A378A2007561B7 /* Login */,
				69EF951728A0E412007561B7 /* Home */,
			);
			path = Screens;
			sourceTree = "<group>";
		};
		69EF951728A0E412007561B7 /* Home */ = {
			isa = PBXGroup;
			children = (
				69EF951928A0E421007561B7 /* ViewModel */,
				69EF951828A0E41C007561B7 /* View */,
			);
			path = Home;
			sourceTree = "<group>";
		};
		69EF951828A0E41C007561B7 /* View */ = {
			isa = PBXGroup;
			children = (
				69EF951C28A0E4B6007561B7 /* HomeViewController.swift */,
			);
			path = View;
			sourceTree = "<group>";
		};
		69EF951928A0E421007561B7 /* ViewModel */ = {
			isa = PBXGroup;
			children = (
				69EF951A28A0E4A2007561B7 /* HomeViewModel.swift */,
			);
			path = ViewModel;
			sourceTree = "<group>";
		};
		69EF951E28A0E6C8007561B7 /* Base */ = {
			isa = PBXGroup;
			children = (
				69EF94F528A0E134007561B7 /* AppDelegate.swift */,
				69EF94F728A0E134007561B7 /* SceneDelegate.swift */,
			);
			path = Base;
			sourceTree = "<group>";
		};
		69EF952328A37833007561B7 /* User */ = {
			isa = PBXGroup;
			children = (
				69EF952428A37878007561B7 /* User+CoreDataClass.swift */,
				69EF952528A37878007561B7 /* User+CoreDataProperties.swift */,
			);
			path = User;
			sourceTree = "<group>";
		};
		69EF952828A378A2007561B7 /* Login */ = {
			isa = PBXGroup;
			children = (
				69EF952928A378CA007561B7 /* View */,
			);
			path = Login;
			sourceTree = "<group>";
		};
		69EF952928A378CA007561B7 /* View */ = {
			isa = PBXGroup;
			children = (
				69EF952A28A378D6007561B7 /* LoginViewController.swift */,
			);
			path = View;
			sourceTree = "<group>";
		};
		69EF953828A3AFED007561B7 /* Folder */ = {
			isa = PBXGroup;
			children = (
				69EF953428A3AFD5007561B7 /* Folder+CoreDataClass.swift */,
				69EF953528A3AFD5007561B7 /* Folder+CoreDataProperties.swift */,
			);
			path = Folder;
			sourceTree = "<group>";
		};
/* End PBXGroup section */

/* Begin PBXNativeTarget section */
		69EF94F128A0E134007561B7 /* CoreDataTodos */ = {
			isa = PBXNativeTarget;
			buildConfigurationList = 69EF950928A0E135007561B7 /* Build configuration list for PBXNativeTarget "CoreDataTodos" */;
			buildPhases = (
				69EF94EE28A0E134007561B7 /* Sources */,
				69EF94EF28A0E134007561B7 /* Frameworks */,
				69EF94F028A0E134007561B7 /* Resources */,
			);
			buildRules = (
			);
			dependencies = (
			);
			name = CoreDataTodos;
			productName = CoreDataTodos;
			productReference = 69EF94F228A0E134007561B7 /* CoreDataTodos.app */;
			productType = "com.apple.product-type.application";
		};
/* End PBXNativeTarget section */

/* Begin PBXProject section */
		69EF94EA28A0E134007561B7 /* Project object */ = {
			isa = PBXProject;
			attributes = {
				BuildIndependentTargetsInParallel = 1;
				LastSwiftUpdateCheck = 1340;
				LastUpgradeCheck = 1340;
				TargetAttributes = {
					69EF94F128A0E134007561B7 = {
						CreatedOnToolsVersion = 13.4.1;
					};
				};
			};
			buildConfigurationList = 69EF94ED28A0E134007561B7 /* Build configuration list for PBXProject "CoreDataTodos" */;
			compatibilityVersion = "Xcode 13.0";
			developmentRegion = en;
			hasScannedForEncodings = 0;
			knownRegions = (
				en,
				Base,
			);
			mainGroup = 69EF94E928A0E134007561B7;
			productRefGroup = 69EF94F328A0E134007561B7 /* Products */;
			projectDirPath = "";
			projectRoot = "";
			targets = (
				69EF94F128A0E134007561B7 /* CoreDataTodos */,
			);
		};
/* End PBXProject section */

/* Begin PBXResourcesBuildPhase section */
		69EF94F028A0E134007561B7 /* Resources */ = {
			isa = PBXResourcesBuildPhase;
			buildActionMask = 2147483647;
			files = (
				69EF950528A0E135007561B7 /* LaunchScreen.storyboard in Resources */,
				69EF950228A0E135007561B7 /* Assets.xcassets in Resources */,
			);
			runOnlyForDeploymentPostprocessing = 0;
		};
/* End PBXResourcesBuildPhase section */

/* Begin PBXSourcesBuildPhase section */
		69EF94EE28A0E134007561B7 /* Sources */ = {
			isa = PBXSourcesBuildPhase;
			buildActionMask = 2147483647;
			files = (
				69EF94F628A0E134007561B7 /* AppDelegate.swift in Sources */,
				69EF953728A3AFD5007561B7 /* Folder+CoreDataProperties.swift in Sources */,
				69EF951B28A0E4A2007561B7 /* HomeViewModel.swift in Sources */,
				69EF951D28A0E4B6007561B7 /* HomeViewController.swift in Sources */,
				69EF950028A0E134007561B7 /* CoreDataTodos.xcdatamodeld in Sources */,
				69EF94F828A0E134007561B7 /* SceneDelegate.swift in Sources */,
				69EF953028A3AF89007561B7 /* Todo+CoreDataClass.swift in Sources */,
				69EF952628A37878007561B7 /* User+CoreDataClass.swift in Sources */,
				69EF952B28A378D6007561B7 /* LoginViewController.swift in Sources */,
				69EF953628A3AFD5007561B7 /* Folder+CoreDataClass.swift in Sources */,
				69EF952728A37878007561B7 /* User+CoreDataProperties.swift in Sources */,
				69EF953128A3AF89007561B7 /* Todo+CoreDataProperties.swift in Sources */,
			);
			runOnlyForDeploymentPostprocessing = 0;
		};
/* End PBXSourcesBuildPhase section */

/* Begin PBXVariantGroup section */
		69EF950328A0E135007561B7 /* LaunchScreen.storyboard */ = {
			isa = PBXVariantGroup;
			children = (
				69EF950428A0E135007561B7 /* Base */,
			);
			name = LaunchScreen.storyboard;
			sourceTree = "<group>";
		};
/* End PBXVariantGroup section */

/* Begin XCBuildConfiguration section */
		69EF950728A0E135007561B7 /* Debug */ = {
			isa = XCBuildConfiguration;
			buildSettings = {
				ALWAYS_SEARCH_USER_PATHS = NO;
				CLANG_ANALYZER_NONNULL = YES;
				CLANG_ANALYZER_NUMBER_OBJECT_CONVERSION = YES_AGGRESSIVE;
				CLANG_CXX_LANGUAGE_STANDARD = "gnu++17";
				CLANG_ENABLE_MODULES = YES;
				CLANG_ENABLE_OBJC_ARC = YES;
				CLANG_ENABLE_OBJC_WEAK = YES;
				CLANG_WARN_BLOCK_CAPTURE_AUTORELEASING = YES;
				CLANG_WARN_BOOL_CONVERSION = YES;
				CLANG_WARN_COMMA = YES;
				CLANG_WARN_CONSTANT_CONVERSION = YES;
				CLANG_WARN_DEPRECATED_OBJC_IMPLEMENTATIONS = YES;
				CLANG_WARN_DIRECT_OBJC_ISA_USAGE = YES_ERROR;
				CLANG_WARN_DOCUMENTATION_COMMENTS = YES;
				CLANG_WARN_EMPTY_BODY = YES;
				CLANG_WARN_ENUM_CONVERSION = YES;
				CLANG_WARN_INFINITE_RECURSION = YES;
				CLANG_WARN_INT_CONVERSION = YES;
				CLANG_WARN_NON_LITERAL_NULL_CONVERSION = YES;
				CLANG_WARN_OBJC_IMPLICIT_RETAIN_SELF = YES;
				CLANG_WARN_OBJC_LITERAL_CONVERSION = YES;
				CLANG_WARN_OBJC_ROOT_CLASS = YES_ERROR;
				CLANG_WARN_QUOTED_INCLUDE_IN_FRAMEWORK_HEADER = YES;
				CLANG_WARN_RANGE_LOOP_ANALYSIS = YES;
				CLANG_WARN_STRICT_PROTOTYPES = YES;
				CLANG_WARN_SUSPICIOUS_MOVE = YES;
				CLANG_WARN_UNGUARDED_AVAILABILITY = YES_AGGRESSIVE;
				CLANG_WARN_UNREACHABLE_CODE = YES;
				CLANG_WARN__DUPLICATE_METHOD_MATCH = YES;
				COPY_PHASE_STRIP = NO;
				DEBUG_INFORMATION_FORMAT = dwarf;
				ENABLE_STRICT_OBJC_MSGSEND = YES;
				ENABLE_TESTABILITY = YES;
				GCC_C_LANGUAGE_STANDARD = gnu11;
				GCC_DYNAMIC_NO_PIC = NO;
				GCC_NO_COMMON_BLOCKS = YES;
				GCC_OPTIMIZATION_LEVEL = 0;
				GCC_PREPROCESSOR_DEFINITIONS = (
					"DEBUG=1",
					"$(inherited)",
				);
				GCC_WARN_64_TO_32_BIT_CONVERSION = YES;
				GCC_WARN_ABOUT_RETURN_TYPE = YES_ERROR;
				GCC_WARN_UNDECLARED_SELECTOR = YES;
				GCC_WARN_UNINITIALIZED_AUTOS = YES_AGGRESSIVE;
				GCC_WARN_UNUSED_FUNCTION = YES;
				GCC_WARN_UNUSED_VARIABLE = YES;
				IPHONEOS_DEPLOYMENT_TARGET = 15.5;
				MTL_ENABLE_DEBUG_INFO = INCLUDE_SOURCE;
				MTL_FAST_MATH = YES;
				ONLY_ACTIVE_ARCH = YES;
				SDKROOT = iphoneos;
				SWIFT_ACTIVE_COMPILATION_CONDITIONS = DEBUG;
				SWIFT_OPTIMIZATION_LEVEL = "-Onone";
			};
			name = Debug;
		};
		69EF950828A0E135007561B7 /* Release */ = {
			isa = XCBuildConfiguration;
			buildSettings = {
				ALWAYS_SEARCH_USER_PATHS = NO;
				CLANG_ANALYZER_NONNULL = YES;
				CLANG_ANALYZER_NUMBER_OBJECT_CONVERSION = YES_AGGRESSIVE;
				CLANG_CXX_LANGUAGE_STANDARD = "gnu++17";
				CLANG_ENABLE_MODULES = YES;
				CLANG_ENABLE_OBJC_ARC = YES;
				CLANG_ENABLE_OBJC_WEAK = YES;
				CLANG_WARN_BLOCK_CAPTURE_AUTORELEASING = YES;
				CLANG_WARN_BOOL_CONVERSION = YES;
				CLANG_WARN_COMMA = YES;
				CLANG_WARN_CONSTANT_CONVERSION = YES;
				CLANG_WARN_DEPRECATED_OBJC_IMPLEMENTATIONS = YES;
				CLANG_WARN_DIRECT_OBJC_ISA_USAGE = YES_ERROR;
				CLANG_WARN_DOCUMENTATION_COMMENTS = YES;
				CLANG_WARN_EMPTY_BODY = YES;
				CLANG_WARN_ENUM_CONVERSION = YES;
				CLANG_WARN_INFINITE_RECURSION = YES;
				CLANG_WARN_INT_CONVERSION = YES;
				CLANG_WARN_NON_LITERAL_NULL_CONVERSION = YES;
				CLANG_WARN_OBJC_IMPLICIT_RETAIN_SELF = YES;
				CLANG_WARN_OBJC_LITERAL_CONVERSION = YES;
				CLANG_WARN_OBJC_ROOT_CLASS = YES_ERROR;
				CLANG_WARN_QUOTED_INCLUDE_IN_FRAMEWORK_HEADER = YES;
				CLANG_WARN_RANGE_LOOP_ANALYSIS = YES;
				CLANG_WARN_STRICT_PROTOTYPES = YES;
				CLANG_WARN_SUSPICIOUS_MOVE = YES;
				CLANG_WARN_UNGUARDED_AVAILABILITY = YES_AGGRESSIVE;
				CLANG_WARN_UNREACHABLE_CODE = YES;
				CLANG_WARN__DUPLICATE_METHOD_MATCH = YES;
				COPY_PHASE_STRIP = NO;
				DEBUG_INFORMATION_FORMAT = "dwarf-with-dsym";
				ENABLE_NS_ASSERTIONS = NO;
				ENABLE_STRICT_OBJC_MSGSEND = YES;
				GCC_C_LANGUAGE_STANDARD = gnu11;
				GCC_NO_COMMON_BLOCKS = YES;
				GCC_WARN_64_TO_32_BIT_CONVERSION = YES;
				GCC_WARN_ABOUT_RETURN_TYPE = YES_ERROR;
				GCC_WARN_UNDECLARED_SELECTOR = YES;
				GCC_WARN_UNINITIALIZED_AUTOS = YES_AGGRESSIVE;
				GCC_WARN_UNUSED_FUNCTION = YES;
				GCC_WARN_UNUSED_VARIABLE = YES;
				IPHONEOS_DEPLOYMENT_TARGET = 15.5;
				MTL_ENABLE_DEBUG_INFO = NO;
				MTL_FAST_MATH = YES;
				SDKROOT = iphoneos;
				SWIFT_COMPILATION_MODE = wholemodule;
				SWIFT_OPTIMIZATION_LEVEL = "-O";
				VALIDATE_PRODUCT = YES;
			};
			name = Release;
		};
		69EF950A28A0E135007561B7 /* Debug */ = {
			isa = XCBuildConfiguration;
			buildSettings = {
				ASSETCATALOG_COMPILER_APPICON_NAME = AppIcon;
				ASSETCATALOG_COMPILER_GLOBAL_ACCENT_COLOR_NAME = AccentColor;
				CODE_SIGN_STYLE = Automatic;
				CURRENT_PROJECT_VERSION = 1;
				DEVELOPMENT_TEAM = A2DNT83345;
				GENERATE_INFOPLIST_FILE = YES;
				INFOPLIST_FILE = CoreDataTodos/Info.plist;
				INFOPLIST_KEY_UIApplicationSupportsIndirectInputEvents = YES;
				INFOPLIST_KEY_UILaunchStoryboardName = LaunchScreen;
				INFOPLIST_KEY_UISupportedInterfaceOrientations_iPad = "UIInterfaceOrientationPortrait UIInterfaceOrientationPortraitUpsideDown UIInterfaceOrientationLandscapeLeft UIInterfaceOrientationLandscapeRight";
				INFOPLIST_KEY_UISupportedInterfaceOrientations_iPhone = UIInterfaceOrientationPortrait;
				LD_RUNPATH_SEARCH_PATHS = (
					"$(inherited)",
					"@executable_path/Frameworks",
				);
				MARKETING_VERSION = 1.0;
				PRODUCT_BUNDLE_IDENTIFIER = com.nuttaponbuaban.CoreDataTodos;
				PRODUCT_NAME = "$(TARGET_NAME)";
				SWIFT_EMIT_LOC_STRINGS = YES;
				SWIFT_VERSION = 5.0;
				TARGETED_DEVICE_FAMILY = "1,2";
			};
			name = Debug;
		};
		69EF950B28A0E135007561B7 /* Release */ = {
			isa = XCBuildConfiguration;
			buildSettings = {
				ASSETCATALOG_COMPILER_APPICON_NAME = AppIcon;
				ASSETCATALOG_COMPILER_GLOBAL_ACCENT_COLOR_NAME = AccentColor;
				CODE_SIGN_STYLE = Automatic;
				CURRENT_PROJECT_VERSION = 1;
				DEVELOPMENT_TEAM = A2DNT83345;
				GENERATE_INFOPLIST_FILE = YES;
				INFOPLIST_FILE = CoreDataTodos/Info.plist;
				INFOPLIST_KEY_UIApplicationSupportsIndirectInputEvents = YES;
				INFOPLIST_KEY_UILaunchStoryboardName = LaunchScreen;
				INFOPLIST_KEY_UISupportedInterfaceOrientations_iPad = "UIInterfaceOrientationPortrait UIInterfaceOrientationPortraitUpsideDown UIInterfaceOrientationLandscapeLeft UIInterfaceOrientationLandscapeRight";
				INFOPLIST_KEY_UISupportedInterfaceOrientations_iPhone = UIInterfaceOrientationPortrait;
				LD_RUNPATH_SEARCH_PATHS = (
					"$(inherited)",
					"@executable_path/Frameworks",
				);
				MARKETING_VERSION = 1.0;
				PRODUCT_BUNDLE_IDENTIFIER = com.nuttaponbuaban.CoreDataTodos;
				PRODUCT_NAME = "$(TARGET_NAME)";
				SWIFT_EMIT_LOC_STRINGS = YES;
				SWIFT_VERSION = 5.0;
				TARGETED_DEVICE_FAMILY = "1,2";
			};
			name = Release;
		};
/* End XCBuildConfiguration section */

/* Begin XCConfigurationList section */
		69EF94ED28A0E134007561B7 /* Build configuration list for PBXProject "CoreDataTodos" */ = {
			isa = XCConfigurationList;
			buildConfigurations = (
				69EF950728A0E135007561B7 /* Debug */,
				69EF950828A0E135007561B7 /* Release */,
			);
			defaultConfigurationIsVisible = 0;
			defaultConfigurationName = Release;
		};
		69EF950928A0E135007561B7 /* Build configuration list for PBXNativeTarget "CoreDataTodos" */ = {
			isa = XCConfigurationList;
			buildConfigurations = (
				69EF950A28A0E135007561B7 /* Debug */,
				69EF950B28A0E135007561B7 /* Release */,
			);
			defaultConfigurationIsVisible = 0;
			defaultConfigurationName = Release;
		};
/* End XCConfigurationList section */

/* Begin XCVersionGroup section */
		69EF94FE28A0E134007561B7 /* CoreDataTodos.xcdatamodeld */ = {
			isa = XCVersionGroup;
			children = (
				69EF94FF28A0E134007561B7 /* CoreDataTodos.xcdatamodel */,
			);
			currentVersion = 69EF94FF28A0E134007561B7 /* CoreDataTodos.xcdatamodel */;
			path = CoreDataTodos.xcdatamodeld;
			sourceTree = "<group>";
			versionGroupType = wrapper.xcdatamodel;
		};
/* End XCVersionGroup section */
	};
	rootObject = 69EF94EA28A0E134007561B7 /* Project object */;
}
